// !$*UTF8*$!
{
	archiveVersion = 1;
	classes = {
	};
	objectVersion = 50;
	objects = {

/* Begin PBXBuildFile section */
		1B1CC1C700724AA3D3B79881 /* Pods_insightsubmissionTests.framework in Frameworks */ = {isa = PBXBuildFile; fileRef = 1D2120EB807FB8D196EDE9F9 /* Pods_insightsubmissionTests.framework */; };
		52FC3FCA6084FC06502DC805 /* Pods_insightsubmission.framework in Frameworks */ = {isa = PBXBuildFile; fileRef = 775D320ADD9A2C5D9307E82A /* Pods_insightsubmission.framework */; };
		98239405214E577D0075BBA0 /* AppDelegate.swift in Sources */ = {isa = PBXBuildFile; fileRef = 98239404214E577D0075BBA0 /* AppDelegate.swift */; };
		98239407214E577D0075BBA0 /* ViewController.swift in Sources */ = {isa = PBXBuildFile; fileRef = 98239406214E577D0075BBA0 /* ViewController.swift */; };
		9823940A214E577D0075BBA0 /* Main.storyboard in Resources */ = {isa = PBXBuildFile; fileRef = 98239408214E577D0075BBA0 /* Main.storyboard */; };
		9823940C214E577E0075BBA0 /* Assets.xcassets in Resources */ = {isa = PBXBuildFile; fileRef = 9823940B214E577E0075BBA0 /* Assets.xcassets */; };
		9823940F214E577E0075BBA0 /* LaunchScreen.storyboard in Resources */ = {isa = PBXBuildFile; fileRef = 9823940D214E577E0075BBA0 /* LaunchScreen.storyboard */; };
		98239425214E5FF40075BBA0 /* Constants.swift in Sources */ = {isa = PBXBuildFile; fileRef = 98239424214E5FF40075BBA0 /* Constants.swift */; };
		98446D792151151A000E1E63 /* FlickrIntegrationTests.swift in Sources */ = {isa = PBXBuildFile; fileRef = 98446D782151151A000E1E63 /* FlickrIntegrationTests.swift */; };
		98A9BC98214FC895004154F5 /* Photo.swift in Sources */ = {isa = PBXBuildFile; fileRef = 98A9BC97214FC895004154F5 /* Photo.swift */; };
		98A9BC9B214FCF48004154F5 /* FlickrError.swift in Sources */ = {isa = PBXBuildFile; fileRef = 98A9BC9A214FCF48004154F5 /* FlickrError.swift */; };
		98A9BC9D214FE3CD004154F5 /* FlickrPhotosResult.swift in Sources */ = {isa = PBXBuildFile; fileRef = 98A9BC9C214FE3CD004154F5 /* FlickrPhotosResult.swift */; };
		98A9BC9F214FE98B004154F5 /* text_search_response.json in Resources */ = {isa = PBXBuildFile; fileRef = 98A9BC9E214FE98A004154F5 /* text_search_response.json */; };
		98A9BCA1214FEF7F004154F5 /* FlickrPagedPhotoResult.swift in Sources */ = {isa = PBXBuildFile; fileRef = 98A9BCA0214FEF7F004154F5 /* FlickrPagedPhotoResult.swift */; };
		98A9BCA3215060AD004154F5 /* PhotoTests.swift in Sources */ = {isa = PBXBuildFile; fileRef = 98A9BCA2215060AD004154F5 /* PhotoTests.swift */; };
		98A9BCA621506397004154F5 /* FlickrPhotosResultTests.swift in Sources */ = {isa = PBXBuildFile; fileRef = 98A9BCA521506397004154F5 /* FlickrPhotosResultTests.swift */; };
		98EBA901214E751300AD37E4 /* FlickrAPIClient.swift in Sources */ = {isa = PBXBuildFile; fileRef = 98EBA900214E751300AD37E4 /* FlickrAPIClient.swift */; };
		98EBA903214E75B000AD37E4 /* Result.swift in Sources */ = {isa = PBXBuildFile; fileRef = 98EBA902214E75B000AD37E4 /* Result.swift */; };
		98EBA907214E826700AD37E4 /* FlickrAPIClientTests.swift in Sources */ = {isa = PBXBuildFile; fileRef = 98EBA906214E826700AD37E4 /* FlickrAPIClientTests.swift */; };
		98EBA909214E894300AD37E4 /* APIMethod.swift in Sources */ = {isa = PBXBuildFile; fileRef = 98EBA908214E894300AD37E4 /* APIMethod.swift */; };
/* End PBXBuildFile section */

/* Begin PBXContainerItemProxy section */
		98239416214E577F0075BBA0 /* PBXContainerItemProxy */ = {
			isa = PBXContainerItemProxy;
			containerPortal = 982393F9214E577D0075BBA0 /* Project object */;
			proxyType = 1;
			remoteGlobalIDString = 98239400214E577D0075BBA0;
			remoteInfo = insightsubmission;
		};
/* End PBXContainerItemProxy section */

/* Begin PBXFileReference section */
		1D2120EB807FB8D196EDE9F9 /* Pods_insightsubmissionTests.framework */ = {isa = PBXFileReference; explicitFileType = wrapper.framework; includeInIndex = 0; path = Pods_insightsubmissionTests.framework; sourceTree = BUILT_PRODUCTS_DIR; };
		5FF04CE4F0116CEB3EE21DE3 /* Pods-insightsubmission.release.xcconfig */ = {isa = PBXFileReference; includeInIndex = 1; lastKnownFileType = text.xcconfig; name = "Pods-insightsubmission.release.xcconfig"; path = "Pods/Target Support Files/Pods-insightsubmission/Pods-insightsubmission.release.xcconfig"; sourceTree = "<group>"; };
		685890C2CAE8BE60D5F84D63 /* Pods-insightsubmissionTests.release.xcconfig */ = {isa = PBXFileReference; includeInIndex = 1; lastKnownFileType = text.xcconfig; name = "Pods-insightsubmissionTests.release.xcconfig"; path = "Pods/Target Support Files/Pods-insightsubmissionTests/Pods-insightsubmissionTests.release.xcconfig"; sourceTree = "<group>"; };
		775D320ADD9A2C5D9307E82A /* Pods_insightsubmission.framework */ = {isa = PBXFileReference; explicitFileType = wrapper.framework; includeInIndex = 0; path = Pods_insightsubmission.framework; sourceTree = BUILT_PRODUCTS_DIR; };
		98239401214E577D0075BBA0 /* insightsubmission.app */ = {isa = PBXFileReference; explicitFileType = wrapper.application; includeInIndex = 0; path = insightsubmission.app; sourceTree = BUILT_PRODUCTS_DIR; };
		98239404214E577D0075BBA0 /* AppDelegate.swift */ = {isa = PBXFileReference; lastKnownFileType = sourcecode.swift; path = AppDelegate.swift; sourceTree = "<group>"; };
		98239406214E577D0075BBA0 /* ViewController.swift */ = {isa = PBXFileReference; lastKnownFileType = sourcecode.swift; path = ViewController.swift; sourceTree = "<group>"; };
		98239409214E577D0075BBA0 /* Base */ = {isa = PBXFileReference; lastKnownFileType = file.storyboard; name = Base; path = Base.lproj/Main.storyboard; sourceTree = "<group>"; };
		9823940B214E577E0075BBA0 /* Assets.xcassets */ = {isa = PBXFileReference; lastKnownFileType = folder.assetcatalog; path = Assets.xcassets; sourceTree = "<group>"; };
		9823940E214E577E0075BBA0 /* Base */ = {isa = PBXFileReference; lastKnownFileType = file.storyboard; name = Base; path = Base.lproj/LaunchScreen.storyboard; sourceTree = "<group>"; };
		98239410214E577F0075BBA0 /* Info.plist */ = {isa = PBXFileReference; lastKnownFileType = text.plist.xml; path = Info.plist; sourceTree = "<group>"; };
		98239415214E577F0075BBA0 /* insightsubmissionTests.xctest */ = {isa = PBXFileReference; explicitFileType = wrapper.cfbundle; includeInIndex = 0; path = insightsubmissionTests.xctest; sourceTree = BUILT_PRODUCTS_DIR; };
		9823941B214E577F0075BBA0 /* Info.plist */ = {isa = PBXFileReference; lastKnownFileType = text.plist.xml; path = Info.plist; sourceTree = "<group>"; };
		98239424214E5FF40075BBA0 /* Constants.swift */ = {isa = PBXFileReference; lastKnownFileType = sourcecode.swift; path = Constants.swift; sourceTree = "<group>"; };
		98446D782151151A000E1E63 /* FlickrIntegrationTests.swift */ = {isa = PBXFileReference; lastKnownFileType = sourcecode.swift; path = FlickrIntegrationTests.swift; sourceTree = "<group>"; };
		98A9BC97214FC895004154F5 /* Photo.swift */ = {isa = PBXFileReference; lastKnownFileType = sourcecode.swift; path = Photo.swift; sourceTree = "<group>"; };
		98A9BC9A214FCF48004154F5 /* FlickrError.swift */ = {isa = PBXFileReference; lastKnownFileType = sourcecode.swift; path = FlickrError.swift; sourceTree = "<group>"; };
		98A9BC9C214FE3CD004154F5 /* FlickrPhotosResult.swift */ = {isa = PBXFileReference; lastKnownFileType = sourcecode.swift; path = FlickrPhotosResult.swift; sourceTree = "<group>"; };
		98A9BC9E214FE98A004154F5 /* text_search_response.json */ = {isa = PBXFileReference; fileEncoding = 4; lastKnownFileType = text.json; path = text_search_response.json; sourceTree = "<group>"; };
		98A9BCA0214FEF7F004154F5 /* FlickrPagedPhotoResult.swift */ = {isa = PBXFileReference; lastKnownFileType = sourcecode.swift; path = FlickrPagedPhotoResult.swift; sourceTree = "<group>"; };
		98A9BCA2215060AD004154F5 /* PhotoTests.swift */ = {isa = PBXFileReference; lastKnownFileType = sourcecode.swift; path = PhotoTests.swift; sourceTree = "<group>"; };
		98A9BCA521506397004154F5 /* FlickrPhotosResultTests.swift */ = {isa = PBXFileReference; lastKnownFileType = sourcecode.swift; path = FlickrPhotosResultTests.swift; sourceTree = "<group>"; };
		98EBA900214E751300AD37E4 /* FlickrAPIClient.swift */ = {isa = PBXFileReference; lastKnownFileType = sourcecode.swift; path = FlickrAPIClient.swift; sourceTree = "<group>"; };
		98EBA902214E75B000AD37E4 /* Result.swift */ = {isa = PBXFileReference; lastKnownFileType = sourcecode.swift; path = Result.swift; sourceTree = "<group>"; };
		98EBA906214E826700AD37E4 /* FlickrAPIClientTests.swift */ = {isa = PBXFileReference; lastKnownFileType = sourcecode.swift; path = FlickrAPIClientTests.swift; sourceTree = "<group>"; };
		98EBA908214E894300AD37E4 /* APIMethod.swift */ = {isa = PBXFileReference; lastKnownFileType = sourcecode.swift; path = APIMethod.swift; sourceTree = "<group>"; };
		B894297E1ECAC99D70973FB2 /* Pods-insightsubmission.debug.xcconfig */ = {isa = PBXFileReference; includeInIndex = 1; lastKnownFileType = text.xcconfig; name = "Pods-insightsubmission.debug.xcconfig"; path = "Pods/Target Support Files/Pods-insightsubmission/Pods-insightsubmission.debug.xcconfig"; sourceTree = "<group>"; };
		FEDE46F4BE7059BACC790829 /* Pods-insightsubmissionTests.debug.xcconfig */ = {isa = PBXFileReference; includeInIndex = 1; lastKnownFileType = text.xcconfig; name = "Pods-insightsubmissionTests.debug.xcconfig"; path = "Pods/Target Support Files/Pods-insightsubmissionTests/Pods-insightsubmissionTests.debug.xcconfig"; sourceTree = "<group>"; };
/* End PBXFileReference section */

/* Begin PBXFrameworksBuildPhase section */
		982393FE214E577D0075BBA0 /* Frameworks */ = {
			isa = PBXFrameworksBuildPhase;
			buildActionMask = 2147483647;
			files = (
				52FC3FCA6084FC06502DC805 /* Pods_insightsubmission.framework in Frameworks */,
			);
			runOnlyForDeploymentPostprocessing = 0;
		};
		98239412214E577F0075BBA0 /* Frameworks */ = {
			isa = PBXFrameworksBuildPhase;
			buildActionMask = 2147483647;
			files = (
				1B1CC1C700724AA3D3B79881 /* Pods_insightsubmissionTests.framework in Frameworks */,
			);
			runOnlyForDeploymentPostprocessing = 0;
		};
/* End PBXFrameworksBuildPhase section */

/* Begin PBXGroup section */
		0B6DB3288DA22A5CB35A7A57 /* Pods */ = {
			isa = PBXGroup;
			children = (
				B894297E1ECAC99D70973FB2 /* Pods-insightsubmission.debug.xcconfig */,
				5FF04CE4F0116CEB3EE21DE3 /* Pods-insightsubmission.release.xcconfig */,
				FEDE46F4BE7059BACC790829 /* Pods-insightsubmissionTests.debug.xcconfig */,
				685890C2CAE8BE60D5F84D63 /* Pods-insightsubmissionTests.release.xcconfig */,
			);
			name = Pods;
			sourceTree = "<group>";
		};
		982393F8214E577D0075BBA0 = {
			isa = PBXGroup;
			children = (
				98239403214E577D0075BBA0 /* insightsubmission */,
				98239418214E577F0075BBA0 /* insightsubmissionTests */,
				98239402214E577D0075BBA0 /* Products */,
				0B6DB3288DA22A5CB35A7A57 /* Pods */,
				C7EE4E16BEEB9CEFC0F2C973 /* Frameworks */,
			);
			sourceTree = "<group>";
		};
		98239402214E577D0075BBA0 /* Products */ = {
			isa = PBXGroup;
			children = (
				98239401214E577D0075BBA0 /* insightsubmission.app */,
				98239415214E577F0075BBA0 /* insightsubmissionTests.xctest */,
			);
			name = Products;
			sourceTree = "<group>";
		};
		98239403214E577D0075BBA0 /* insightsubmission */ = {
			isa = PBXGroup;
			children = (
				98239404214E577D0075BBA0 /* AppDelegate.swift */,
				98239408214E577D0075BBA0 /* Main.storyboard */,
				98A9BC99214FC89B004154F5 /* Models */,
				98EBA905214E781C00AD37E4 /* Views */,
				98EBA904214E778B00AD37E4 /* Services */,
				9823940B214E577E0075BBA0 /* Assets.xcassets */,
				9823940D214E577E0075BBA0 /* LaunchScreen.storyboard */,
				98239410214E577F0075BBA0 /* Info.plist */,
				98239424214E5FF40075BBA0 /* Constants.swift */,
			);
			path = insightsubmission;
			sourceTree = "<group>";
		};
		98239418214E577F0075BBA0 /* insightsubmissionTests */ = {
			isa = PBXGroup;
			children = (
				9823941B214E577F0075BBA0 /* Info.plist */,
				98A9BC9E214FE98A004154F5 /* text_search_response.json */,
				98EBA906214E826700AD37E4 /* FlickrAPIClientTests.swift */,
				98A9BCA421506384004154F5 /* Models */,
				98446D7A2151151F000E1E63 /* Integration */,
			);
			path = insightsubmissionTests;
			sourceTree = "<group>";
		};
		98446D7A2151151F000E1E63 /* Integration */ = {
			isa = PBXGroup;
			children = (
				98446D782151151A000E1E63 /* FlickrIntegrationTests.swift */,
			);
			path = Integration;
			sourceTree = "<group>";
		};
		98A9BC99214FC89B004154F5 /* Models */ = {
			isa = PBXGroup;
			children = (
				98A9BC97214FC895004154F5 /* Photo.swift */,
				98A9BC9C214FE3CD004154F5 /* FlickrPhotosResult.swift */,
				98A9BCA0214FEF7F004154F5 /* FlickrPagedPhotoResult.swift */,
			);
			path = Models;
			sourceTree = "<group>";
		};
		98A9BCA421506384004154F5 /* Models */ = {
			isa = PBXGroup;
			children = (
				98A9BCA2215060AD004154F5 /* PhotoTests.swift */,
				98A9BCA521506397004154F5 /* FlickrPhotosResultTests.swift */,
			);
			path = Models;
			sourceTree = "<group>";
		};
		98EBA904214E778B00AD37E4 /* Services */ = {
			isa = PBXGroup;
			children = (
				98EBA900214E751300AD37E4 /* FlickrAPIClient.swift */,
				98EBA902214E75B000AD37E4 /* Result.swift */,
				98EBA908214E894300AD37E4 /* APIMethod.swift */,
				98A9BC9A214FCF48004154F5 /* FlickrError.swift */,
			);
			path = Services;
			sourceTree = "<group>";
		};
		98EBA905214E781C00AD37E4 /* Views */ = {
			isa = PBXGroup;
			children = (
				98239406214E577D0075BBA0 /* ViewController.swift */,
			);
			path = Views;
			sourceTree = "<group>";
		};
		C7EE4E16BEEB9CEFC0F2C973 /* Frameworks */ = {
			isa = PBXGroup;
			children = (
				775D320ADD9A2C5D9307E82A /* Pods_insightsubmission.framework */,
				1D2120EB807FB8D196EDE9F9 /* Pods_insightsubmissionTests.framework */,
			);
			name = Frameworks;
			sourceTree = "<group>";
		};
/* End PBXGroup section */

/* Begin PBXNativeTarget section */
		98239400214E577D0075BBA0 /* insightsubmission */ = {
			isa = PBXNativeTarget;
			buildConfigurationList = 9823941E214E577F0075BBA0 /* Build configuration list for PBXNativeTarget "insightsubmission" */;
			buildPhases = (
				B434C6627FD8D98BB2A8B236 /* [CP] Check Pods Manifest.lock */,
				982393FD214E577D0075BBA0 /* Sources */,
				982393FE214E577D0075BBA0 /* Frameworks */,
				982393FF214E577D0075BBA0 /* Resources */,
				D2F73CE0DA63F2EADEC51B69 /* [CP] Embed Pods Frameworks */,
			);
			buildRules = (
			);
			dependencies = (
			);
			name = insightsubmission;
			productName = insightsubmission;
			productReference = 98239401214E577D0075BBA0 /* insightsubmission.app */;
			productType = "com.apple.product-type.application";
		};
		98239414214E577F0075BBA0 /* insightsubmissionTests */ = {
			isa = PBXNativeTarget;
			buildConfigurationList = 98239421214E577F0075BBA0 /* Build configuration list for PBXNativeTarget "insightsubmissionTests" */;
			buildPhases = (
				258A689CF2ADEE46A8E6DA7C /* [CP] Check Pods Manifest.lock */,
				98239411214E577F0075BBA0 /* Sources */,
				98239412214E577F0075BBA0 /* Frameworks */,
				98239413214E577F0075BBA0 /* Resources */,
			);
			buildRules = (
			);
			dependencies = (
				98239417214E577F0075BBA0 /* PBXTargetDependency */,
			);
			name = insightsubmissionTests;
			productName = insightsubmissionTests;
			productReference = 98239415214E577F0075BBA0 /* insightsubmissionTests.xctest */;
			productType = "com.apple.product-type.bundle.unit-test";
		};
/* End PBXNativeTarget section */

/* Begin PBXProject section */
		982393F9214E577D0075BBA0 /* Project object */ = {
			isa = PBXProject;
			attributes = {
				LastSwiftUpdateCheck = 0940;
				LastUpgradeCheck = 0940;
				ORGANIZATIONNAME = marcexmachina;
				TargetAttributes = {
					98239400214E577D0075BBA0 = {
						CreatedOnToolsVersion = 9.4;
					};
					98239414214E577F0075BBA0 = {
						CreatedOnToolsVersion = 9.4;
						TestTargetID = 98239400214E577D0075BBA0;
					};
				};
			};
			buildConfigurationList = 982393FC214E577D0075BBA0 /* Build configuration list for PBXProject "insightsubmission" */;
			compatibilityVersion = "Xcode 9.3";
			developmentRegion = en;
			hasScannedForEncodings = 0;
			knownRegions = (
				en,
				Base,
			);
			mainGroup = 982393F8214E577D0075BBA0;
			productRefGroup = 98239402214E577D0075BBA0 /* Products */;
			projectDirPath = "";
			projectRoot = "";
			targets = (
				98239400214E577D0075BBA0 /* insightsubmission */,
				98239414214E577F0075BBA0 /* insightsubmissionTests */,
			);
		};
/* End PBXProject section */

/* Begin PBXResourcesBuildPhase section */
		982393FF214E577D0075BBA0 /* Resources */ = {
			isa = PBXResourcesBuildPhase;
			buildActionMask = 2147483647;
			files = (
				9823940F214E577E0075BBA0 /* LaunchScreen.storyboard in Resources */,
				9823940C214E577E0075BBA0 /* Assets.xcassets in Resources */,
				9823940A214E577D0075BBA0 /* Main.storyboard in Resources */,
			);
			runOnlyForDeploymentPostprocessing = 0;
		};
		98239413214E577F0075BBA0 /* Resources */ = {
			isa = PBXResourcesBuildPhase;
			buildActionMask = 2147483647;
			files = (
				98A9BC9F214FE98B004154F5 /* text_search_response.json in Resources */,
			);
			runOnlyForDeploymentPostprocessing = 0;
		};
/* End PBXResourcesBuildPhase section */

/* Begin PBXShellScriptBuildPhase section */
		258A689CF2ADEE46A8E6DA7C /* [CP] Check Pods Manifest.lock */ = {
			isa = PBXShellScriptBuildPhase;
			buildActionMask = 2147483647;
			files = (
			);
			inputPaths = (
				"${PODS_PODFILE_DIR_PATH}/Podfile.lock",
				"${PODS_ROOT}/Manifest.lock",
			);
			name = "[CP] Check Pods Manifest.lock";
			outputPaths = (
				"$(DERIVED_FILE_DIR)/Pods-insightsubmissionTests-checkManifestLockResult.txt",
			);
			runOnlyForDeploymentPostprocessing = 0;
			shellPath = /bin/sh;
			shellScript = "diff \"${PODS_PODFILE_DIR_PATH}/Podfile.lock\" \"${PODS_ROOT}/Manifest.lock\" > /dev/null\nif [ $? != 0 ] ; then\n    # print error to STDERR\n    echo \"error: The sandbox is not in sync with the Podfile.lock. Run 'pod install' or update your CocoaPods installation.\" >&2\n    exit 1\nfi\n# This output is used by Xcode 'outputs' to avoid re-running this script phase.\necho \"SUCCESS\" > \"${SCRIPT_OUTPUT_FILE_0}\"\n";
			showEnvVarsInLog = 0;
		};
		B434C6627FD8D98BB2A8B236 /* [CP] Check Pods Manifest.lock */ = {
			isa = PBXShellScriptBuildPhase;
			buildActionMask = 2147483647;
			files = (
			);
			inputPaths = (
				"${PODS_PODFILE_DIR_PATH}/Podfile.lock",
				"${PODS_ROOT}/Manifest.lock",
			);
			name = "[CP] Check Pods Manifest.lock";
			outputPaths = (
				"$(DERIVED_FILE_DIR)/Pods-insightsubmission-checkManifestLockResult.txt",
			);
			runOnlyForDeploymentPostprocessing = 0;
			shellPath = /bin/sh;
			shellScript = "diff \"${PODS_PODFILE_DIR_PATH}/Podfile.lock\" \"${PODS_ROOT}/Manifest.lock\" > /dev/null\nif [ $? != 0 ] ; then\n    # print error to STDERR\n    echo \"error: The sandbox is not in sync with the Podfile.lock. Run 'pod install' or update your CocoaPods installation.\" >&2\n    exit 1\nfi\n# This output is used by Xcode 'outputs' to avoid re-running this script phase.\necho \"SUCCESS\" > \"${SCRIPT_OUTPUT_FILE_0}\"\n";
			showEnvVarsInLog = 0;
		};
		D2F73CE0DA63F2EADEC51B69 /* [CP] Embed Pods Frameworks */ = {
			isa = PBXShellScriptBuildPhase;
			buildActionMask = 2147483647;
			files = (
			);
			inputPaths = (
				"${SRCROOT}/Pods/Target Support Files/Pods-insightsubmission/Pods-insightsubmission-frameworks.sh",
				"${BUILT_PRODUCTS_DIR}/Bond/Bond.framework",
				"${BUILT_PRODUCTS_DIR}/Differ/Differ.framework",
				"${BUILT_PRODUCTS_DIR}/ReactiveKit/ReactiveKit.framework",
			);
			name = "[CP] Embed Pods Frameworks";
			outputPaths = (
				"${TARGET_BUILD_DIR}/${FRAMEWORKS_FOLDER_PATH}/Bond.framework",
				"${TARGET_BUILD_DIR}/${FRAMEWORKS_FOLDER_PATH}/Differ.framework",
				"${TARGET_BUILD_DIR}/${FRAMEWORKS_FOLDER_PATH}/ReactiveKit.framework",
			);
			runOnlyForDeploymentPostprocessing = 0;
			shellPath = /bin/sh;
			shellScript = "\"${SRCROOT}/Pods/Target Support Files/Pods-insightsubmission/Pods-insightsubmission-frameworks.sh\"\n";
			showEnvVarsInLog = 0;
		};
/* End PBXShellScriptBuildPhase section */

/* Begin PBXSourcesBuildPhase section */
		982393FD214E577D0075BBA0 /* Sources */ = {
			isa = PBXSourcesBuildPhase;
			buildActionMask = 2147483647;
			files = (
				98A9BC98214FC895004154F5 /* Photo.swift in Sources */,
				98A9BC9B214FCF48004154F5 /* FlickrError.swift in Sources */,
				98EBA901214E751300AD37E4 /* FlickrAPIClient.swift in Sources */,
				98EBA903214E75B000AD37E4 /* Result.swift in Sources */,
				98239407214E577D0075BBA0 /* ViewController.swift in Sources */,
				98A9BC9D214FE3CD004154F5 /* FlickrPhotosResult.swift in Sources */,
				98A9BCA1214FEF7F004154F5 /* FlickrPagedPhotoResult.swift in Sources */,
				98239405214E577D0075BBA0 /* AppDelegate.swift in Sources */,
				98239425214E5FF40075BBA0 /* Constants.swift in Sources */,
				98EBA909214E894300AD37E4 /* APIMethod.swift in Sources */,
			);
			runOnlyForDeploymentPostprocessing = 0;
		};
		98239411214E577F0075BBA0 /* Sources */ = {
			isa = PBXSourcesBuildPhase;
			buildActionMask = 2147483647;
			files = (
				98A9BCA3215060AD004154F5 /* PhotoTests.swift in Sources */,
				98446D792151151A000E1E63 /* FlickrIntegrationTests.swift in Sources */,
				98EBA907214E826700AD37E4 /* FlickrAPIClientTests.swift in Sources */,
				98A9BCA621506397004154F5 /* FlickrPhotosResultTests.swift in Sources */,
			);
			runOnlyForDeploymentPostprocessing = 0;
		};
/* End PBXSourcesBuildPhase section */

/* Begin PBXTargetDependency section */
		98239417214E577F0075BBA0 /* PBXTargetDependency */ = {
			isa = PBXTargetDependency;
			target = 98239400214E577D0075BBA0 /* insightsubmission */;
			targetProxy = 98239416214E577F0075BBA0 /* PBXContainerItemProxy */;
		};
/* End PBXTargetDependency section */

/* Begin PBXVariantGroup section */
		98239408214E577D0075BBA0 /* Main.storyboard */ = {
			isa = PBXVariantGroup;
			children = (
				98239409214E577D0075BBA0 /* Base */,
			);
			name = Main.storyboard;
			sourceTree = "<group>";
		};
		9823940D214E577E0075BBA0 /* LaunchScreen.storyboard */ = {
			isa = PBXVariantGroup;
			children = (
				9823940E214E577E0075BBA0 /* Base */,
			);
			name = LaunchScreen.storyboard;
			sourceTree = "<group>";
		};
/* End PBXVariantGroup section */

/* Begin XCBuildConfiguration section */
		9823941C214E577F0075BBA0 /* Debug */ = {
			isa = XCBuildConfiguration;
			buildSettings = {
				ALWAYS_SEARCH_USER_PATHS = NO;
				CLANG_ANALYZER_NONNULL = YES;
				CLANG_ANALYZER_NUMBER_OBJECT_CONVERSION = YES_AGGRESSIVE;
				CLANG_CXX_LANGUAGE_STANDARD = "gnu++14";
				CLANG_CXX_LIBRARY = "libc++";
				CLANG_ENABLE_MODULES = YES;
				CLANG_ENABLE_OBJC_ARC = YES;
				CLANG_ENABLE_OBJC_WEAK = YES;
				CLANG_WARN_BLOCK_CAPTURE_AUTORELEASING = YES;
				CLANG_WARN_BOOL_CONVERSION = YES;
				CLANG_WARN_COMMA = YES;
				CLANG_WARN_CONSTANT_CONVERSION = YES;
				CLANG_WARN_DEPRECATED_OBJC_IMPLEMENTATIONS = YES;
				CLANG_WARN_DIRECT_OBJC_ISA_USAGE = YES_ERROR;
				CLANG_WARN_DOCUMENTATION_COMMENTS = YES;
				CLANG_WARN_EMPTY_BODY = YES;
				CLANG_WARN_ENUM_CONVERSION = YES;
				CLANG_WARN_INFINITE_RECURSION = YES;
				CLANG_WARN_INT_CONVERSION = YES;
				CLANG_WARN_NON_LITERAL_NULL_CONVERSION = YES;
				CLANG_WARN_OBJC_IMPLICIT_RETAIN_SELF = YES;
				CLANG_WARN_OBJC_LITERAL_CONVERSION = YES;
				CLANG_WARN_OBJC_ROOT_CLASS = YES_ERROR;
				CLANG_WARN_RANGE_LOOP_ANALYSIS = YES;
				CLANG_WARN_STRICT_PROTOTYPES = YES;
				CLANG_WARN_SUSPICIOUS_MOVE = YES;
				CLANG_WARN_UNGUARDED_AVAILABILITY = YES_AGGRESSIVE;
				CLANG_WARN_UNREACHABLE_CODE = YES;
				CLANG_WARN__DUPLICATE_METHOD_MATCH = YES;
				CODE_SIGN_IDENTITY = "iPhone Developer";
				COPY_PHASE_STRIP = NO;
				DEBUG_INFORMATION_FORMAT = dwarf;
				ENABLE_STRICT_OBJC_MSGSEND = YES;
				ENABLE_TESTABILITY = YES;
				GCC_C_LANGUAGE_STANDARD = gnu11;
				GCC_DYNAMIC_NO_PIC = NO;
				GCC_NO_COMMON_BLOCKS = YES;
				GCC_OPTIMIZATION_LEVEL = 0;
				GCC_PREPROCESSOR_DEFINITIONS = (
					"DEBUG=1",
					"$(inherited)",
				);
				GCC_WARN_64_TO_32_BIT_CONVERSION = YES;
				GCC_WARN_ABOUT_RETURN_TYPE = YES_ERROR;
				GCC_WARN_UNDECLARED_SELECTOR = YES;
				GCC_WARN_UNINITIALIZED_AUTOS = YES_AGGRESSIVE;
				GCC_WARN_UNUSED_FUNCTION = YES;
				GCC_WARN_UNUSED_VARIABLE = YES;
				IPHONEOS_DEPLOYMENT_TARGET = 11.4;
				MTL_ENABLE_DEBUG_INFO = YES;
				ONLY_ACTIVE_ARCH = YES;
				SDKROOT = iphoneos;
				SWIFT_ACTIVE_COMPILATION_CONDITIONS = DEBUG;
				SWIFT_OPTIMIZATION_LEVEL = "-Onone";
			};
			name = Debug;
		};
		9823941D214E577F0075BBA0 /* Release */ = {
			isa = XCBuildConfiguration;
			buildSettings = {
				ALWAYS_SEARCH_USER_PATHS = NO;
				CLANG_ANALYZER_NONNULL = YES;
				CLANG_ANALYZER_NUMBER_OBJECT_CONVERSION = YES_AGGRESSIVE;
				CLANG_CXX_LANGUAGE_STANDARD = "gnu++14";
				CLANG_CXX_LIBRARY = "libc++";
				CLANG_ENABLE_MODULES = YES;
				CLANG_ENABLE_OBJC_ARC = YES;
				CLANG_ENABLE_OBJC_WEAK = YES;
				CLANG_WARN_BLOCK_CAPTURE_AUTORELEASING = YES;
				CLANG_WARN_BOOL_CONVERSION = YES;
				CLANG_WARN_COMMA = YES;
				CLANG_WARN_CONSTANT_CONVERSION = YES;
				CLANG_WARN_DEPRECATED_OBJC_IMPLEMENTATIONS = YES;
				CLANG_WARN_DIRECT_OBJC_ISA_USAGE = YES_ERROR;
				CLANG_WARN_DOCUMENTATION_COMMENTS = YES;
				CLANG_WARN_EMPTY_BODY = YES;
				CLANG_WARN_ENUM_CONVERSION = YES;
				CLANG_WARN_INFINITE_RECURSION = YES;
				CLANG_WARN_INT_CONVERSION = YES;
				CLANG_WARN_NON_LITERAL_NULL_CONVERSION = YES;
				CLANG_WARN_OBJC_IMPLICIT_RETAIN_SELF = YES;
				CLANG_WARN_OBJC_LITERAL_CONVERSION = YES;
				CLANG_WARN_OBJC_ROOT_CLASS = YES_ERROR;
				CLANG_WARN_RANGE_LOOP_ANALYSIS = YES;
				CLANG_WARN_STRICT_PROTOTYPES = YES;
				CLANG_WARN_SUSPICIOUS_MOVE = YES;
				CLANG_WARN_UNGUARDED_AVAILABILITY = YES_AGGRESSIVE;
				CLANG_WARN_UNREACHABLE_CODE = YES;
				CLANG_WARN__DUPLICATE_METHOD_MATCH = YES;
				CODE_SIGN_IDENTITY = "iPhone Developer";
				COPY_PHASE_STRIP = NO;
				DEBUG_INFORMATION_FORMAT = "dwarf-with-dsym";
				ENABLE_NS_ASSERTIONS = NO;
				ENABLE_STRICT_OBJC_MSGSEND = YES;
				GCC_C_LANGUAGE_STANDARD = gnu11;
				GCC_NO_COMMON_BLOCKS = YES;
				GCC_WARN_64_TO_32_BIT_CONVERSION = YES;
				GCC_WARN_ABOUT_RETURN_TYPE = YES_ERROR;
				GCC_WARN_UNDECLARED_SELECTOR = YES;
				GCC_WARN_UNINITIALIZED_AUTOS = YES_AGGRESSIVE;
				GCC_WARN_UNUSED_FUNCTION = YES;
				GCC_WARN_UNUSED_VARIABLE = YES;
				IPHONEOS_DEPLOYMENT_TARGET = 11.4;
				MTL_ENABLE_DEBUG_INFO = NO;
				SDKROOT = iphoneos;
				SWIFT_COMPILATION_MODE = wholemodule;
				SWIFT_OPTIMIZATION_LEVEL = "-O";
				VALIDATE_PRODUCT = YES;
			};
			name = Release;
		};
		9823941F214E577F0075BBA0 /* Debug */ = {
			isa = XCBuildConfiguration;
			baseConfigurationReference = B894297E1ECAC99D70973FB2 /* Pods-insightsubmission.debug.xcconfig */;
			buildSettings = {
				ASSETCATALOG_COMPILER_APPICON_NAME = AppIcon;
				CODE_SIGN_STYLE = Automatic;
				DEVELOPMENT_TEAM = 2GB9N787TP;
				INFOPLIST_FILE = insightsubmission/Info.plist;
				LD_RUNPATH_SEARCH_PATHS = (
					"$(inherited)",
					"@executable_path/Frameworks",
				);
				PRODUCT_BUNDLE_IDENTIFIER = com.marcexmachina.insightsubmission;
				PRODUCT_NAME = "$(TARGET_NAME)";
				SWIFT_VERSION = 4.0;
				TARGETED_DEVICE_FAMILY = "1,2";
			};
			name = Debug;
		};
		98239420214E577F0075BBA0 /* Release */ = {
			isa = XCBuildConfiguration;
			baseConfigurationReference = 5FF04CE4F0116CEB3EE21DE3 /* Pods-insightsubmission.release.xcconfig */;
			buildSettings = {
				ASSETCATALOG_COMPILER_APPICON_NAME = AppIcon;
				CODE_SIGN_STYLE = Automatic;
				DEVELOPMENT_TEAM = 2GB9N787TP;
				INFOPLIST_FILE = insightsubmission/Info.plist;
				LD_RUNPATH_SEARCH_PATHS = (
					"$(inherited)",
					"@executable_path/Frameworks",
				);
				PRODUCT_BUNDLE_IDENTIFIER = com.marcexmachina.insightsubmission;
				PRODUCT_NAME = "$(TARGET_NAME)";
				SWIFT_VERSION = 4.0;
				TARGETED_DEVICE_FAMILY = "1,2";
			};
			name = Release;
		};
		98239422214E577F0075BBA0 /* Debug */ = {
			isa = XCBuildConfiguration;
			baseConfigurationReference = FEDE46F4BE7059BACC790829 /* Pods-insightsubmissionTests.debug.xcconfig */;
			buildSettings = {
				ALWAYS_EMBED_SWIFT_STANDARD_LIBRARIES = YES;
				BUNDLE_LOADER = "$(TEST_HOST)";
				CODE_SIGN_STYLE = Automatic;
				DEVELOPMENT_TEAM = 2GB9N787TP;
				INFOPLIST_FILE = insightsubmissionTests/Info.plist;
				LD_RUNPATH_SEARCH_PATHS = (
					"$(inherited)",
					"@executable_path/Frameworks",
					"@loader_path/Frameworks",
				);
				PRODUCT_BUNDLE_IDENTIFIER = com.marcexmachina.insightsubmissionTests;
				PRODUCT_NAME = "$(TARGET_NAME)";
				SWIFT_VERSION = 4.0;
				TARGETED_DEVICE_FAMILY = "1,2";
				TEST_HOST = "$(BUILT_PRODUCTS_DIR)/insightsubmission.app/insightsubmission";
			};
			name = Debug;
		};
		98239423214E577F0075BBA0 /* Release */ = {
			isa = XCBuildConfiguration;
			baseConfigurationReference = 685890C2CAE8BE60D5F84D63 /* Pods-insightsubmissionTests.release.xcconfig */;
			buildSettings = {
				ALWAYS_EMBED_SWIFT_STANDARD_LIBRARIES = YES;
				BUNDLE_LOADER = "$(TEST_HOST)";
				CODE_SIGN_STYLE = Automatic;
				DEVELOPMENT_TEAM = 2GB9N787TP;
				INFOPLIST_FILE = insightsubmissionTests/Info.plist;
				LD_RUNPATH_SEARCH_PATHS = (
					"$(inherited)",
					"@executable_path/Frameworks",
					"@loader_path/Frameworks",
				);
				PRODUCT_BUNDLE_IDENTIFIER = com.marcexmachina.insightsubmissionTests;
				PRODUCT_NAME = "$(TARGET_NAME)";
				SWIFT_VERSION = 4.0;
				TARGETED_DEVICE_FAMILY = "1,2";
				TEST_HOST = "$(BUILT_PRODUCTS_DIR)/insightsubmission.app/insightsubmission";
			};
			name = Release;
		};
/* End XCBuildConfiguration section */

/* Begin XCConfigurationList section */
		982393FC214E577D0075BBA0 /* Build configuration list for PBXProject "insightsubmission" */ = {
			isa = XCConfigurationList;
			buildConfigurations = (
				9823941C214E577F0075BBA0 /* Debug */,
				9823941D214E577F0075BBA0 /* Release */,
			);
			defaultConfigurationIsVisible = 0;
			defaultConfigurationName = Release;
		};
		9823941E214E577F0075BBA0 /* Build configuration list for PBXNativeTarget "insightsubmission" */ = {
			isa = XCConfigurationList;
			buildConfigurations = (
				9823941F214E577F0075BBA0 /* Debug */,
				98239420214E577F0075BBA0 /* Release */,
			);
			defaultConfigurationIsVisible = 0;
			defaultConfigurationName = Release;
		};
		98239421214E577F0075BBA0 /* Build configuration list for PBXNativeTarget "insightsubmissionTests" */ = {
			isa = XCConfigurationList;
			buildConfigurations = (
				98239422214E577F0075BBA0 /* Debug */,
				98239423214E577F0075BBA0 /* Release */,
			);
			defaultConfigurationIsVisible = 0;
			defaultConfigurationName = Release;
		};
/* End XCConfigurationList section */
	};
	rootObject = 982393F9214E577D0075BBA0 /* Project object */;
}
